PODS:
  - Alamofire (4.8.2)
  - AlamofireImage (3.5.2):
    - Alamofire (~> 4.8)
  - AlamofireObjectMapper (5.2.0):
    - Alamofire (~> 4.7)
    - ObjectMapper (~> 3.4)
  - CardParts (2.12.0):
    - RxCocoa (~> 4.5)
    - RxDataSources (~> 3.1)
    - RxGesture (~> 2.2)
    - RxSwift (~> 4.5)
  - Differentiator (3.1.0)
  - DynamicBlurView (3.0.1)
  - EZAlertController (3.2)
  - Firebase/Auth (6.5.0):
    - Firebase/CoreOnly
    - FirebaseAuth (~> 6.2.1)
  - Firebase/CoreOnly (6.5.0):
    - FirebaseCore (= 6.1.0)
  - FirebaseAuth (6.2.1):
    - FirebaseAuthInterop (~> 1.0)
    - FirebaseCore (~> 6.0)
    - GoogleUtilities/AppDelegateSwizzler (~> 6.2)
    - GoogleUtilities/Environment (~> 6.2)
    - GTMSessionFetcher/Core (~> 1.1)
  - FirebaseAuthInterop (1.0.0)
  - FirebaseCore (6.1.0):
    - GoogleUtilities/Environment (~> 6.0)
    - GoogleUtilities/Logger (~> 6.0)
  - GoogleMaps (2.7.0):
    - GoogleMaps/Maps (= 2.7.0)
  - GoogleMaps/Base (2.7.0)
  - GoogleMaps/Maps (2.7.0):
    - GoogleMaps/Base
  - GooglePlacePicker (2.7.0):
    - GoogleMaps (= 2.7.0)
    - GooglePlaces (= 2.7.0)
  - GooglePlaces (2.7.0):
    - GoogleMaps/Base (= 2.7.0)
  - GoogleUtilities/AppDelegateSwizzler (6.2.3):
    - GoogleUtilities/Environment
    - GoogleUtilities/Logger
    - GoogleUtilities/Network
  - GoogleUtilities/Environment (6.2.3)
  - GoogleUtilities/Logger (6.2.3):
    - GoogleUtilities/Environment
  - GoogleUtilities/Network (6.2.3):
    - GoogleUtilities/Logger
    - "GoogleUtilities/NSData+zlib"
    - GoogleUtilities/Reachability
  - "GoogleUtilities/NSData+zlib (6.2.3)"
  - GoogleUtilities/Reachability (6.2.3):
    - GoogleUtilities/Logger
  - GTMSessionFetcher/Core (1.2.2)
  - IQKeyboardManagerSwift (6.4.1)
  - JGProgressHUD (1.4)
  - ObjectMapper (3.5.1)
  - PinCodeTextField (0.2.0)
  - PopupDialog (0.9.2):
    - DynamicBlurView (~> 3.0.1)
  - RMMapper (1.1.5)
  - RxCocoa (4.5.0):
    - RxSwift (>= 4.4.2, ~> 4.4)
  - RxDataSources (3.1.0):
    - Differentiator (~> 3.0)
    - RxCocoa (~> 4.0)
    - RxSwift (~> 4.0)
  - RxGesture (2.2.0):
    - RxCocoa (~> 4.5)
    - RxSwift (~> 4.5)
  - RxSwift (4.5.0)
  - SideMenuSwift (2.0.1)
  - SwiftyJSON (5.0.0)
  - Toast-Swift (5.0.0)

DEPENDENCIES:
  - Alamofire (~> 4.7)
  - AlamofireImage
  - AlamofireObjectMapper (= 5.2.0)
  - CardParts
  - EZAlertController (= 3.2)
  - Firebase/Auth
  - GoogleMaps (= 2.7.0)
  - GooglePlacePicker (= 2.7.0)
  - GooglePlaces (= 2.7.0)
  - IQKeyboardManagerSwift
  - JGProgressHUD (= 1.4)
  - PinCodeTextField (from `https://github.com/tkach/PinCodeTextField`)
  - PopupDialog (~> 0.5)
  - RMMapper
  - SideMenuSwift
  - SwiftyJSON
  - Toast-Swift

SPEC REPOS:
  https://github.com/cocoapods/specs.git:
    - Alamofire
    - AlamofireImage
    - AlamofireObjectMapper
    - CardParts
    - Differentiator
    - DynamicBlurView
    - EZAlertController
    - Firebase
    - FirebaseAuth
    - FirebaseAuthInterop
    - FirebaseCore
    - GoogleMaps
    - GooglePlacePicker
    - GooglePlaces
    - GoogleUtilities
    - GTMSessionFetcher
    - IQKeyboardManagerSwift
    - JGProgressHUD
    - ObjectMapper
    - PopupDialog
    - RMMapper
    - RxCocoa
    - RxDataSources
    - RxGesture
    - RxSwift
    - SideMenuSwift
    - SwiftyJSON
    - Toast-Swift

EXTERNAL SOURCES:
  PinCodeTextField:
    :git: https://github.com/tkach/PinCodeTextField

CHECKOUT OPTIONS:
  PinCodeTextField:
    :commit: 11f01f7e8ee20fbc076117b3bd442b3a5807be8f
    :git: https://github.com/tkach/PinCodeTextField

SPEC CHECKSUMS:
  Alamofire: ae5c501addb7afdbb13687d7f2f722c78734c2d3
  AlamofireImage: 63cfe3baf1370be6c498149687cf6db3e3b00999
  AlamofireObjectMapper: 92b6ce2423a9d159e686f6a1d514a009bf903ddc
  CardParts: 8a02edc8a029424c489f616dfac2f7b7620c5541
  Differentiator: be49ca3408f0ecfc761e4c7763d20c62be01b9ad
  DynamicBlurView: b1df5415f9bd31897549e5d7077e5ec120a4d636
  EZAlertController: 633be01320bed47720be54054df47667d61c2481
  Firebase: dedc9e48ea3f3649ad5f6b982f8a0c73508a14b5
  FirebaseAuth: a06ad63e9bf4c86165b54cceb1c14d4f4c38d419
  FirebaseAuthInterop: 0ffa57668be100582bb7643d4fcb7615496c41fc
  FirebaseCore: aecf02fb2274ec361b9bebeac112f5daa18273bd
  GoogleMaps: f79af95cb24d869457b1f961c93d3ce8b2f3b848
  GooglePlacePicker: 59ea44db173c58486ad6123993e81feefcbce9c3
  GooglePlaces: 3d06e6c99654545b4738ce49648745779c25f2ef
  GoogleUtilities: d2b0e277a95962e09bb27f5cd42f5f0b6a506c7d
  GTMSessionFetcher: 61bb0f61a4cb560030f1222021178008a5727a23
  IQKeyboardManagerSwift: d2df660d0b8d64a15cb2537c9ff303213fa515b2
  JGProgressHUD: 1617b0940cf80bb53e8f7d6f0fd69252ea45d6d4
  ObjectMapper: 70187b8941977c62ccfb423caf6b50be405cabf0
  PinCodeTextField: 6d7d174cf44f13118174682cf5e00aeb19f770a5
  PopupDialog: f4bb461bf70ff422be0b56656566424ee9273080
  RMMapper: 21122d753c736d975f6c61e674afce8db73579af
  RxCocoa: cbf70265dc65a981d4ac982e513c10cf23df24a0
  RxDataSources: a843bad90c29817f5923ec8163f4af2de084ceb3
  RxGesture: c1b7bf17166b0ef9d642a9510f8bac5785f18990
  RxSwift: f172070dfd1a93d70a9ab97a5a01166206e1c575
  SideMenuSwift: 588374781f2508f551a41796482290aeff1afd78
  SwiftyJSON: 36413e04c44ee145039d332b4f4e2d3e8d6c4db7
  Toast-Swift: 36f4720243c8582c2be243a60a51e193c761f541

PODFILE CHECKSUM: 588f36b621d48a20cf3f3e4229b4174b5febc569

COCOAPODS: 1.7.3
